
Microsoft Visual Studio Solution File, Format Version 12.00
# Visual Studio 15
VisualStudioVersion = 15.0.26228.4
MinimumVisualStudioVersion = 10.0.40219.1
Project("{FAE04EC0-301F-11D3-BF4B-00C04F79EFBC}") = "TestWebApi", "TestWebApi\TestWebApi.csproj", "{00AD12D2-CE0B-4866-96D2-9B0D7BDBBC0D}"
EndProject
Project("{FAE04EC0-301F-11D3-BF4B-00C04F79EFBC}") = "NunitApiTest", "NunitApiTest\NunitApiTest.csproj", "{0B2C4D1C-6A06-4411-91D1-7E5A089270BA}"
EndProject
Global
	GlobalSection(SolutionConfigurationPlatforms) = preSolution
		Debug|Any CPU = Debug|Any CPU
		Release|Any CPU = Release|Any CPU
	EndGlobalSection
	GlobalSection(ProjectConfigurationPlatforms) = postSolution
		{00AD12D2-CE0B-4866-96D2-9B0D7BDBBC0D}.Debug|Any CPU.ActiveCfg = Debug|Any CPU
		{00AD12D2-CE0B-4866-96D2-9B0D7BDBBC0D}.Debug|Any CPU.Build.0 = Debug|Any CPU
		{00AD12D2-CE0B-4866-96D2-9B0D7BDBBC0D}.Release|Any CPU.ActiveCfg = Release|Any CPU
		{00AD12D2-CE0B-4866-96D2-9B0D7BDBBC0D}.Release|Any CPU.Build.0 = Release|Any CPU
		{0B2C4D1C-6A06-4411-91D1-7E5A089270BA}.Debug|Any CPU.ActiveCfg = Debug|Any CPU
		{0B2C4D1C-6A06-4411-91D1-7E5A089270BA}.Debug|Any CPU.Build.0 = Debug|Any CPU
		{0B2C4D1C-6A06-4411-91D1-7E5A089270BA}.Release|Any CPU.ActiveCfg = Release|Any CPU
		{0B2C4D1C-6A06-4411-91D1-7E5A089270BA}.Release|Any CPU.Build.0 = Release|Any CPU
	EndGlobalSection
	GlobalSection(SolutionProperties) = preSolution
		HideSolutionNode = FALSE
	EndGlobalSection
	GlobalSection(ExtensibilityGlobals) = postSolution
		SolutionGuid = {54A526A8-BAFF-48F3-96CC-212BD404E013}
	EndGlobalSection
EndGlobal
